
Microsoft Visual Studio Solution File, Format Version 12.00
# Visual Studio Version 17
VisualStudioVersion = 17.2.32630.192
MinimumVisualStudioVersion = 10.0.40219.1
Project("{FAE04EC0-301F-11D3-BF4B-00C04F79EFBC}") = "Calculadora", "Calculadora\Calculadora.csproj", "{5658028A-4049-4D5A-A6F7-91C3519B375E}"
EndProject
Global
	GlobalSection(SolutionConfigurationPlatforms) = preSolution
		Debug|Any CPU = Debug|Any CPU
		Release|Any CPU = Release|Any CPU
	EndGlobalSection
	GlobalSection(ProjectConfigurationPlatforms) = postSolution
		{5658028A-4049-4D5A-A6F7-91C3519B375E}.Debug|Any CPU.ActiveCfg = Debug|Any CPU
		{5658028A-4049-4D5A-A6F7-91C3519B375E}.Debug|Any CPU.Build.0 = Debug|Any CPU
		{5658028A-4049-4D5A-A6F7-91C3519B375E}.Release|Any CPU.ActiveCfg = Release|Any CPU
		{5658028A-4049-4D5A-A6F7-91C3519B375E}.Release|Any CPU.Build.0 = Release|Any CPU
	EndGlobalSection
	GlobalSection(SolutionProperties) = preSolution
		HideSolutionNode = FALSE
	EndGlobalSection
	GlobalSection(ExtensibilityGlobals) = postSolution
		SolutionGuid = {9F934DCD-60DD-4A31-A13B-834905A3A871}
	EndGlobalSection
EndGlobal
